
Microsoft Visual Studio Solution File, Format Version 12.00
# Visual Studio Version 17
VisualStudioVersion = 17.5.002.0
MinimumVisualStudioVersion = 10.0.40219.1
Project("{9A19103F-16F7-4668-BE54-9A1E7A4F7556}") = "Portfolio.Core", "Portfolio.Core\Portfolio.Core.csproj", "{F41236DC-D361-4D07-B092-F1FBFB053A96}"
EndProject
Project("{FAE04EC0-301F-11D3-BF4B-00C04F79EFBC}") = "Portfolio.Core.UnitTesting", "Portfolio.Core.UnitTesting\Portfolio.Core.UnitTesting.csproj", "{9B9AAED9-D15F-49C3-8C0B-D6BAD0DA5AE7}"
EndProject
Global
	GlobalSection(SolutionConfigurationPlatforms) = preSolution
		Debug|Any CPU = Debug|Any CPU
		Release|Any CPU = Release|Any CPU
	EndGlobalSection
	GlobalSection(ProjectConfigurationPlatforms) = postSolution
		{F41236DC-D361-4D07-B092-F1FBFB053A96}.Debug|Any CPU.ActiveCfg = Debug|Any CPU
		{F41236DC-D361-4D07-B092-F1FBFB053A96}.Debug|Any CPU.Build.0 = Debug|Any CPU
		{F41236DC-D361-4D07-B092-F1FBFB053A96}.Release|Any CPU.ActiveCfg = Release|Any CPU
		{F41236DC-D361-4D07-B092-F1FBFB053A96}.Release|Any CPU.Build.0 = Release|Any CPU
		{9B9AAED9-D15F-49C3-8C0B-D6BAD0DA5AE7}.Debug|Any CPU.ActiveCfg = Debug|Any CPU
		{9B9AAED9-D15F-49C3-8C0B-D6BAD0DA5AE7}.Debug|Any CPU.Build.0 = Debug|Any CPU
		{9B9AAED9-D15F-49C3-8C0B-D6BAD0DA5AE7}.Release|Any CPU.ActiveCfg = Release|Any CPU
		{9B9AAED9-D15F-49C3-8C0B-D6BAD0DA5AE7}.Release|Any CPU.Build.0 = Release|Any CPU
	EndGlobalSection
	GlobalSection(SolutionProperties) = preSolution
		HideSolutionNode = FALSE
	EndGlobalSection
	GlobalSection(ExtensibilityGlobals) = postSolution
		SolutionGuid = {F005461B-205C-4C11-B327-2133AF6390C1}
	EndGlobalSection
EndGlobal
